GEM
  remote: https://rubygems.org/
  specs:
    appium_lib (12.0.1)
      appium_lib_core (~> 5.0)
      nokogiri (~> 1.8, >= 1.8.1)
      tomlrb (>= 1.1, < 3.0)
    appium_lib_core (5.2.0)
      faye-websocket (~> 0.11.0)
      selenium-webdriver (~> 4.2)
    base64 (0.3.0)
    builder (3.3.0)
    concurrent-ruby (1.3.8)
    cucumber (8.0.0)
      builder (~> 3.2, >= 3.2.4)
      cucumber-ci-environment (~> 9.0, >= 9.0.4)
      cucumber-core (~> 11.0, >= 11.0.0)
      cucumber-cucumber-expressions (~> 15.1, >= 15.1.1)
      cucumber-gherkin (~> 23.0, >= 23.0.1)
      cucumber-html-formatter (~> 19.1, >= 19.1.0)
      cucumber-messages (~> 18.0, >= 18.0.0)
      diff-lcs (~> 1.5, >= 1.5.0)
      mime-types (~> 3.4, >= 3.4.1)
      multi_test (~> 1.1, >= 1.1.0)
      sys-uname (~> 1.2, >= 1.2.2)
    cucumber-ci-environment (9.2.0)
    cucumber-core (11.0.0)
      cucumber-gherkin (~> 23.0, >= 23.0.1)
      cucumber-messages (~> 18.0, >= 18.0.0)
      cucumber-tag-expressions (~> 4.1, >= 4.1.0)
    cucumber-cucumber-expressions (15.2.0)
    cucumber-gherkin (23.0.1)
      cucumber-messages (~> 18.0, >= 18.0.0)
    cucumber-html-formatter (19.2.0)
      cucumber-messages (~> 18.0, >= 18.0.0)
    cucumber-messages (18.0.0)
    cucumber-tag-expressions (4.1.0)
    diff-lcs (1.6.2)
    eventmachine (1.2.7)
    faker (2.23.0)
      i18n (>= 1.8.11, < 2)
    faye-websocket (0.11.4)
      eventmachine (>= 0.12.0)
      websocket-driver (>= 0.5.1, < 0.8.0)
    ffi (1.17.4-x64-mingw-ucrt)
    i18n (1.15.2)
      concurrent-ruby (~> 1.0)
    logger (1.7.0)
    memoist3 (1.0.0)
    mime-types (3.7.0)
      logger
      mime-types-data (~> 3.2025, >= 3.2025.0507)
    mime-types-data (3.2026.0701)
    multi_test (1.1.0)
    nokogiri (1.19.4-x64-mingw-ucrt)
      racc (~> 1.4)
    racc (1.8.1)
    rexml (3.4.4)
    rspec (3.13.2)
      rspec-core (~> 3.13.0)
      rspec-expectations (~> 3.13.0)
      rspec-mocks (~> 3.13.0)
    rspec-core (3.13.6)
      rspec-support (~> 3.13.0)
    rspec-expectations (3.13.5)
      diff-lcs (>= 1.2.0, < 2.0)
      rspec-support (~> 3.13.0)
    rspec-mocks (3.13.8)
      diff-lcs (>= 1.2.0, < 2.0)
      rspec-support (~> 3.13.0)
    rspec-support (3.13.7)
    rubyzip (3.5.0)
    selenium-webdriver (4.44.0)
      base64 (~> 0.2)
      logger (~> 1.4)
      rexml (~> 3.2, >= 3.2.5)
      rubyzip (>= 1.2.2, < 4.0)
      websocket (~> 1.0)
    sys-uname (1.5.1-universal-mingw32)
      ffi (~> 1.1)
      memoist3 (~> 1.0.0)
      win32ole
    tomlrb (2.0.4)
    websocket (1.2.11)
    websocket-driver (0.7.7)
      base64
      websocket-extensions (>= 0.1.0)
    websocket-extensions (0.1.5)
    win32ole (1.9.3)

PLATFORMS
  x64-mingw-ucrt

DEPENDENCIES
  appium_lib (~> 12.0, >= 12.0.1)
  cucumber (~> 8.0)
  faker (~> 2.22)
  rspec (~> 3.11)
  selenium-webdriver (~> 4.3)

CHECKSUMS
  appium_lib (12.0.1) sha256=6ebc22875067bc956181ab55cf5ff2a419bc71a1cf163a0bf4f412d9d8f6a28c
  appium_lib_core (5.2.0) sha256=2266d8c447ed46d8558a6c8036695b9093d178934871c454b677cb2a92b4f63c
  base64 (0.3.0) sha256=27337aeabad6ffae05c265c450490628ef3ebd4b67be58257393227588f5a97b
  builder (3.3.0) sha256=497918d2f9dca528fdca4b88d84e4ef4387256d984b8154e9d5d3fe5a9c8835f
  bundler (4.0.19) sha256=b48056e4c77fb3853cc47775b5447ede44aaa4f53c32f168014ab4fe86587d47
  concurrent-ruby (1.3.8) sha256=b2f1be836e968ccc78ccfce277ea79c72a88633f22306782c16ff23fb415d1e1
  cucumber (8.0.0) sha256=553cb3c6d29370a5ff0910c42f418120e93b4ee6eea4f658ca05828d998b17aa
  cucumber-ci-environment (9.2.0) sha256=98121d128af99883f65b3ab78e987be9d57c17e1adeb79783e4bc269b8592128
  cucumber-core (11.0.0) sha256=300f0b27e54cee4167ad4930ccc6fbd9477fbcee31f9730084ac96cf0a4f2f37
  cucumber-cucumber-expressions (15.2.0) sha256=7218e9253e69e3ab18b0b9d0be7a17209251c612b85c026de444dc64fc7db393
  cucumber-gherkin (23.0.1) sha256=92239a6be4d32cc4639204f739134ec40d0c7f119a29fb0726213074bc645b37
  cucumber-html-formatter (19.2.0) sha256=dfb3b8d296e60c45f437c8cfde2990b62a2fa15afa0b44fae718fb4772a8d5be
  cucumber-messages (18.0.0) sha256=fb494f870166b2dabd7342b53bfa880088f4257039e7784b58eae0e9fb5c0ac5
  cucumber-tag-expressions (4.1.0) sha256=0d279dcaf6af70a8b927202c9d2ca31b5417190c52d0d6c264504dc8c8d33a6c
  diff-lcs (1.6.2) sha256=9ae0d2cba7d4df3075fe8cd8602a8604993efc0dfa934cff568969efb1909962
  eventmachine (1.2.7) sha256=994016e42aa041477ba9cff45cbe50de2047f25dd418eba003e84f0d16560972
  faker (2.23.0) sha256=8754e4bb3bc45641d276123060286a001ea5fa49a4b5daa162bf8c015fe154f3
  faye-websocket (0.11.4) sha256=b8018979267d684ddfb58de957a8d631d4c93c854038bf7a62cb654c8be39ddc
  ffi (1.17.4-x64-mingw-ucrt) sha256=f6ff9618cfccc494138bddade27aa06c74c6c7bc367a1ea1103d80c2fcb9ed35
  i18n (1.15.2) sha256=00f9eb62412fe593b2a65a97daa75300d37abb8f7202ec748e94b6d46a9dd1b5
  logger (1.7.0) sha256=196edec7cc44b66cfb40f9755ce11b392f21f7967696af15d274dde7edff0203
  memoist3 (1.0.0) sha256=686e42402cf150a362050c23143dc57b0ef88f8c344943ff8b7845792b50d56f
  mime-types (3.7.0) sha256=dcebf61c246f08e15a4de34e386ebe8233791e868564a470c3fe77c00eed5e56
  mime-types-data (3.2026.0701) sha256=cd8811e1fb89d836499ba0582368a10ee74cef929ba956d1d5ddca045e6a730f
  multi_test (1.1.0) sha256=e9e550cdd863fb72becfe344aefdcd4cbd26ebf307847f4a6c039a4082324d10
  nokogiri (1.19.4-x64-mingw-ucrt) sha256=051da97b8eccfdb5444fed40246a35e10d7298b9efe759b4cd25455ea04c587e
  racc (1.8.1) sha256=4a7f6929691dbec8b5209a0b373bc2614882b55fc5d2e447a21aaa691303d62f
  rexml (3.4.4) sha256=19e0a2c3425dfbf2d4fc1189747bdb2f849b6c5e74180401b15734bc97b5d142
  rspec (3.13.2) sha256=206284a08ad798e61f86d7ca3e376718d52c0bc944626b2349266f239f820587
  rspec-core (3.13.6) sha256=a8823c6411667b60a8bca135364351dda34cd55e44ff94c4be4633b37d828b2d
  rspec-expectations (3.13.5) sha256=33a4d3a1d95060aea4c94e9f237030a8f9eae5615e9bd85718fe3a09e4b58836
  rspec-mocks (3.13.8) sha256=086ad3d3d17533f4237643de0b5c42f04b66348c28bf6b9c2d3f4a3b01af1d47
  rspec-support (3.13.7) sha256=0640e5570872aafefd79867901deeeeb40b0c9875a36b983d85f54fb7381c47c
  rubyzip (3.5.0) sha256=f77c49d737a849b662f6ca4de473f31b4ecd8288f1c9f901a5c820641f0f8d7c
  selenium-webdriver (4.44.0) sha256=6f1df072529af369589c46f0e01132952aabb250cfd683c274d74dc1eb5d8477
  sys-uname (1.5.1-universal-mingw32) sha256=aceb618e3276da5eae0ce368e9f6fae8c1f3e9ef23a0595cb88db7b6ecd45f62
  tomlrb (2.0.4) sha256=262f77947ac3ac9b3366a0a5940ecd238300c553e2e14f22009e2afcd2181b99
  websocket (1.2.11) sha256=b7e7a74e2410b5e85c25858b26b3322f29161e300935f70a0e0d3c35e0462737
  websocket-driver (0.7.7) sha256=056d99f2cd545712cfb1291650fde7478e4f2661dc1db6a0fa3b966231a146b4
  websocket-extensions (0.1.5) sha256=1c6ba63092cda343eb53fc657110c71c754c56484aad42578495227d717a8241
  win32ole (1.9.3) sha256=01f43dc5dc13806e6e58204f538b4a28f3d85968ea89074abc9a3cd118e94d96

BUNDLED WITH
  4.0.19
